
Microsoft Visual Studio Solution File, Format Version 12.00
# Visual Studio Version 16
VisualStudioVersion = 16.0.30523.141
MinimumVisualStudioVersion = 10.0.40219.1
Project("{FAE04EC0-301F-11D3-BF4B-00C04F79EFBC}") = "Midpoint And Distance", "Midpoint And Distance.csproj", "{AD4D099D-AD5F-4A14-BB6E-29B76439DB41}"
EndProject
Global
	GlobalSection(SolutionConfigurationPlatforms) = preSolution
		Debug|Any CPU = Debug|Any CPU
		Release|Any CPU = Release|Any CPU
	EndGlobalSection
	GlobalSection(ProjectConfigurationPlatforms) = postSolution
		{AD4D099D-AD5F-4A14-BB6E-29B76439DB41}.Debug|Any CPU.ActiveCfg = Debug|Any CPU
		{AD4D099D-AD5F-4A14-BB6E-29B76439DB41}.Debug|Any CPU.Build.0 = Debug|Any CPU
		{AD4D099D-AD5F-4A14-BB6E-29B76439DB41}.Release|Any CPU.ActiveCfg = Release|Any CPU
		{AD4D099D-AD5F-4A14-BB6E-29B76439DB41}.Release|Any CPU.Build.0 = Release|Any CPU
	EndGlobalSection
	GlobalSection(SolutionProperties) = preSolution
		HideSolutionNode = FALSE
	EndGlobalSection
	GlobalSection(ExtensibilityGlobals) = postSolution
		SolutionGuid = {7656956F-32CB-4515-B211-114AC7B56D25}
	EndGlobalSection
EndGlobal
